PODS:
  - AFNetworking (3.1.0):
    - AFNetworking/NSURLSession (= 3.1.0)
    - AFNetworking/Reachability (= 3.1.0)
    - AFNetworking/Security (= 3.1.0)
    - AFNetworking/Serialization (= 3.1.0)
    - AFNetworking/UIKit (= 3.1.0)
  - AFNetworking/NSURLSession (3.1.0):
    - AFNetworking/Reachability
    - AFNetworking/Security
    - AFNetworking/Serialization
  - AFNetworking/Reachability (3.1.0)
  - AFNetworking/Security (3.1.0)
  - AFNetworking/Serialization (3.1.0)
  - AFNetworking/UIKit (3.1.0):
    - AFNetworking/NSURLSession
  - Masonry (1.1.0)
  - MJExtension (3.0.13)
  - MJRefresh (3.1.15)
  - SDWebImage (4.2.2):
    - SDWebImage/Core (= 4.2.2)
  - SDWebImage/Core (4.2.2)

DEPENDENCIES:
  - AFNetworking
  - Masonry
  - MJExtension
  - MJRefresh
  - SDWebImage

SPEC CHECKSUMS:
  AFNetworking: 5e0e199f73d8626b11e79750991f5d173d1f8b67
  Masonry: 678fab65091a9290e40e2832a55e7ab731aad201
  MJExtension: 5932755f451458eefa24239358817f8d291240c7
  MJRefresh: 9af70f5f9327a2cf87f0fb5929f35fcc2fa638ea
  SDWebImage: 89a9d32cd520bbb46eb14e541d5109b3564af198

PODFILE CHECKSUM: a93bd0d7f8d18dc09cc6dce8a3dd1aa04b9d09b6

COCOAPODS: 1.2.1
